
Microsoft Visual Studio Solution File, Format Version 12.00
# Visual Studio Version 17
VisualStudioVersion = 17.14.37710.0 d17.14
MinimumVisualStudioVersion = 10.0.40219.1
Project("{FAE04EC0-301F-11D3-BF4B-00C04F79EFBC}") = "EXMPLES", "EXMPLES.csproj", "{35A36CE2-06C4-4A1E-9F9B-60117A1E18A8}"
EndProject
Global
	GlobalSection(SolutionConfigurationPlatforms) = preSolution
		Debug|Any CPU = Debug|Any CPU
		Release|Any CPU = Release|Any CPU
	EndGlobalSection
	GlobalSection(ProjectConfigurationPlatforms) = postSolution
		{35A36CE2-06C4-4A1E-9F9B-60117A1E18A8}.Debug|Any CPU.ActiveCfg = Debug|Any CPU
		{35A36CE2-06C4-4A1E-9F9B-60117A1E18A8}.Debug|Any CPU.Build.0 = Debug|Any CPU
		{35A36CE2-06C4-4A1E-9F9B-60117A1E18A8}.Release|Any CPU.ActiveCfg = Release|Any CPU
		{35A36CE2-06C4-4A1E-9F9B-60117A1E18A8}.Release|Any CPU.Build.0 = Release|Any CPU
	EndGlobalSection
	GlobalSection(SolutionProperties) = preSolution
		HideSolutionNode = FALSE
	EndGlobalSection
	GlobalSection(ExtensibilityGlobals) = postSolution
		SolutionGuid = {645C4C00-C309-4840-B407-2258964C02D4}
	EndGlobalSection
EndGlobal
